// !$*UTF8*$!
{
	archiveVersion = 1;
	classes = {
	};
	objectVersion = 46;
	objects = {

/* Begin PBXBuildFile section */
		D91308691D3E1AAB003CA941 /* main.m in Sources */ = {isa = PBXBuildFile; fileRef = D91308681D3E1AAB003CA941 /* main.m */; };
		D913086C1D3E1AAB003CA941 /* AppDelegate.m in Sources */ = {isa = PBXBuildFile; fileRef = D913086B1D3E1AAB003CA941 /* AppDelegate.m */; };
		D913086F1D3E1AAB003CA941 /* ViewController.m in Sources */ = {isa = PBXBuildFile; fileRef = D913086E1D3E1AAB003CA941 /* ViewController.m */; };
		D91308721D3E1AAB003CA941 /* Main.storyboard in Resources */ = {isa = PBXBuildFile; fileRef = D91308701D3E1AAB003CA941 /* Main.storyboard */; };
		D91308741D3E1AAB003CA941 /* Assets.xcassets in Resources */ = {isa = PBXBuildFile; fileRef = D91308731D3E1AAB003CA941 /* Assets.xcassets */; };
		D91308771D3E1AAB003CA941 /* LaunchScreen.storyboard in Resources */ = {isa = PBXBuildFile; fileRef = D91308751D3E1AAB003CA941 /* LaunchScreen.storyboard */; };
		D91308891D3E1B9B003CA941 /* Main_iPad.storyboard in Resources */ = {isa = PBXBuildFile; fileRef = D91308881D3E1B9B003CA941 /* Main_iPad.storyboard */; };
		D9B110351D3E290B002D5FA8 /* Data.xcdatamodeld in Sources */ = {isa = PBXBuildFile; fileRef = D9B110331D3E290B002D5FA8 /* Data.xcdatamodeld */; };
		D9B110371D3E2BCA002D5FA8 /* CoreData.framework in Frameworks */ = {isa = PBXBuildFile; fileRef = D9B110361D3E2BCA002D5FA8 /* CoreData.framework */; };
/* End PBXBuildFile section */

/* Begin PBXFileReference section */
		D91308641D3E1AAB003CA941 /* Test.app */ = {isa = PBXFileReference; explicitFileType = wrapper.application; includeInIndex = 0; path = Test.app; sourceTree = BUILT_PRODUCTS_DIR; };
		D91308681D3E1AAB003CA941 /* main.m */ = {isa = PBXFileReference; lastKnownFileType = sourcecode.c.objc; path = main.m; sourceTree = "<group>"; };
		D913086A1D3E1AAB003CA941 /* AppDelegate.h */ = {isa = PBXFileReference; lastKnownFileType = sourcecode.c.h; path = AppDelegate.h; sourceTree = "<group>"; };
		D913086B1D3E1AAB003CA941 /* AppDelegate.m */ = {isa = PBXFileReference; lastKnownFileType = sourcecode.c.objc; path = AppDelegate.m; sourceTree = "<group>"; };
		D913086D1D3E1AAB003CA941 /* ViewController.h */ = {isa = PBXFileReference; lastKnownFileType = sourcecode.c.h; path = ViewController.h; sourceTree = "<group>"; };
		D913086E1D3E1AAB003CA941 /* ViewController.m */ = {isa = PBXFileReference; lastKnownFileType = sourcecode.c.objc; path = ViewController.m; sourceTree = "<group>"; };
		D91308711D3E1AAB003CA941 /* Base */ = {isa = PBXFileReference; lastKnownFileType = file.storyboard; name = Base; path = Base.lproj/Main.storyboard; sourceTree = "<group>"; };
		D91308731D3E1AAB003CA941 /* Assets.xcassets */ = {isa = PBXFileReference; lastKnownFileType = folder.assetcatalog; path = Assets.xcassets; sourceTree = "<group>"; };
		D91308761D3E1AAB003CA941 /* Base */ = {isa = PBXFileReference; lastKnownFileType = file.storyboard; name = Base; path = Base.lproj/LaunchScreen.storyboard; sourceTree = "<group>"; };
		D91308781D3E1AAB003CA941 /* Info.plist */ = {isa = PBXFileReference; lastKnownFileType = text.plist.xml; path = Info.plist; sourceTree = "<group>"; };
		D91308881D3E1B9B003CA941 /* Main_iPad.storyboard */ = {isa = PBXFileReference; fileEncoding = 4; lastKnownFileType = file.storyboard; path = Main_iPad.storyboard; sourceTree = "<group>"; };
		D9B110341D3E290B002D5FA8 /* Data.xcdatamodel */ = {isa = PBXFileReference; lastKnownFileType = wrapper.xcdatamodel; path = Data.xcdatamodel; sourceTree = "<group>"; };
		D9B110361D3E2BCA002D5FA8 /* CoreData.framework */ = {isa = PBXFileReference; lastKnownFileType = wrapper.framework; name = CoreData.framework; path = System/Library/Frameworks/CoreData.framework; sourceTree = SDKROOT; };
/* End PBXFileReference section */

/* Begin PBXFrameworksBuildPhase section */
		D91308611D3E1AAB003CA941 /* Frameworks */ = {
			isa = PBXFrameworksBuildPhase;
			buildActionMask = 2147483647;
			files = (
				D9B110371D3E2BCA002D5FA8 /* CoreData.framework in Frameworks */,
			);
			runOnlyForDeploymentPostprocessing = 0;
		};
/* End PBXFrameworksBuildPhase section */

/* Begin PBXGroup section */
		D913085B1D3E1AAB003CA941 = {
			isa = PBXGroup;
			children = (
				D9B110361D3E2BCA002D5FA8 /* CoreData.framework */,
				D91308661D3E1AAB003CA941 /* Test */,
				D91308651D3E1AAB003CA941 /* Products */,
			);
			sourceTree = "<group>";
		};
		D91308651D3E1AAB003CA941 /* Products */ = {
			isa = PBXGroup;
			children = (
				D91308641D3E1AAB003CA941 /* Test.app */,
			);
			name = Products;
			sourceTree = "<group>";
		};
		D91308661D3E1AAB003CA941 /* Test */ = {
			isa = PBXGroup;
			children = (
				D913086A1D3E1AAB003CA941 /* AppDelegate.h */,
				D913086B1D3E1AAB003CA941 /* AppDelegate.m */,
				D913086D1D3E1AAB003CA941 /* ViewController.h */,
				D913086E1D3E1AAB003CA941 /* ViewController.m */,
				D91308701D3E1AAB003CA941 /* Main.storyboard */,
				D91308731D3E1AAB003CA941 /* Assets.xcassets */,
				D91308751D3E1AAB003CA941 /* LaunchScreen.storyboard */,
				D91308781D3E1AAB003CA941 /* Info.plist */,
				D91308671D3E1AAB003CA941 /* Supporting Files */,
				D91308881D3E1B9B003CA941 /* Main_iPad.storyboard */,
				D9B110331D3E290B002D5FA8 /* Data.xcdatamodeld */,
			);
			path = Test;
			sourceTree = "<group>";
		};
		D91308671D3E1AAB003CA941 /* Supporting Files */ = {
			isa = PBXGroup;
			children = (
				D91308681D3E1AAB003CA941 /* main.m */,
			);
			name = "Supporting Files";
			sourceTree = "<group>";
		};
/* End PBXGroup section */

/* Begin PBXNativeTarget section */
		D91308631D3E1AAB003CA941 /* Test */ = {
			isa = PBXNativeTarget;
			buildConfigurationList = D913087B1D3E1AAB003CA941 /* Build configuration list for PBXNativeTarget "Test" */;
			buildPhases = (
				D91308601D3E1AAB003CA941 /* Sources */,
				D91308611D3E1AAB003CA941 /* Frameworks */,
				D91308621D3E1AAB003CA941 /* Resources */,
			);
			buildRules = (
			);
			dependencies = (
			);
			name = Test;
			productName = Test;
			productReference = D91308641D3E1AAB003CA941 /* Test.app */;
			productType = "com.apple.product-type.application";
		};
/* End PBXNativeTarget section */

/* Begin PBXProject section */
		D913085C1D3E1AAB003CA941 /* Project object */ = {
			isa = PBXProject;
			attributes = {
				LastUpgradeCheck = 0730;
				ORGANIZATIONNAME = "Swati Wadhera";
				TargetAttributes = {
					D91308631D3E1AAB003CA941 = {
						CreatedOnToolsVersion = 7.3.1;
					};
				};
			};
			buildConfigurationList = D913085F1D3E1AAB003CA941 /* Build configuration list for PBXProject "Test" */;
			compatibilityVersion = "Xcode 3.2";
			developmentRegion = English;
			hasScannedForEncodings = 0;
			knownRegions = (
				en,
				Base,
			);
			mainGroup = D913085B1D3E1AAB003CA941;
			productRefGroup = D91308651D3E1AAB003CA941 /* Products */;
			projectDirPath = "";
			projectRoot = "";
			targets = (
				D91308631D3E1AAB003CA941 /* Test */,
			);
		};
/* End PBXProject section */

/* Begin PBXResourcesBuildPhase section */
		D91308621D3E1AAB003CA941 /* Resources */ = {
			isa = PBXResourcesBuildPhase;
			buildActionMask = 2147483647;
			files = (
				D91308771D3E1AAB003CA941 /* LaunchScreen.storyboard in Resources */,
				D91308891D3E1B9B003CA941 /* Main_iPad.storyboard in Resources */,
				D91308741D3E1AAB003CA941 /* Assets.xcassets in Resources */,
				D91308721D3E1AAB003CA941 /* Main.storyboard in Resources */,
			);
			runOnlyForDeploymentPostprocessing = 0;
		};
/* End PBXResourcesBuildPhase section */

/* Begin PBXSourcesBuildPhase section */
		D91308601D3E1AAB003CA941 /* Sources */ = {
			isa = PBXSourcesBuildPhase;
			buildActionMask = 2147483647;
			files = (
				D913086F1D3E1AAB003CA941 /* ViewController.m in Sources */,
				D913086C1D3E1AAB003CA941 /* AppDelegate.m in Sources */,
				D91308691D3E1AAB003CA941 /* main.m in Sources */,
				D9B110351D3E290B002D5FA8 /* Data.xcdatamodeld in Sources */,
			);
			runOnlyForDeploymentPostprocessing = 0;
		};
/* End PBXSourcesBuildPhase section */

/* Begin PBXVariantGroup section */
		D91308701D3E1AAB003CA941 /* Main.storyboard */ = {
			isa = PBXVariantGroup;
			children = (
				D91308711D3E1AAB003CA941 /* Base */,
			);
			name = Main.storyboard;
			sourceTree = "<group>";
		};
		D91308751D3E1AAB003CA941 /* LaunchScreen.storyboard */ = {
			isa = PBXVariantGroup;
			children = (
				D91308761D3E1AAB003CA941 /* Base */,
			);
			name = LaunchScreen.storyboard;
			sourceTree = "<group>";
		};
/* End PBXVariantGroup section */

/* Begin XCBuildConfiguration section */
		D91308791D3E1AAB003CA941 /* Debug */ = {
			isa = XCBuildConfiguration;
			buildSettings = {
				ALWAYS_SEARCH_USER_PATHS = NO;
				CLANG_ANALYZER_NONNULL = YES;
				CLANG_CXX_LANGUAGE_STANDARD = "gnu++0x";
				CLANG_CXX_LIBRARY = "libc++";
				CLANG_ENABLE_MODULES = YES;
				CLANG_ENABLE_OBJC_ARC = YES;
				CLANG_WARN_BOOL_CONVERSION = YES;
				CLANG_WARN_CONSTANT_CONVERSION = YES;
				CLANG_WARN_DIRECT_OBJC_ISA_USAGE = YES_ERROR;
				CLANG_WARN_EMPTY_BODY = YES;
				CLANG_WARN_ENUM_CONVERSION = YES;
				CLANG_WARN_INT_CONVERSION = YES;
				CLANG_WARN_OBJC_ROOT_CLASS = YES_ERROR;
				CLANG_WARN_UNREACHABLE_CODE = YES;
				CLANG_WARN__DUPLICATE_METHOD_MATCH = YES;
				"CODE_SIGN_IDENTITY[sdk=iphoneos*]" = "iPhone Developer";
				COPY_PHASE_STRIP = NO;
				DEBUG_INFORMATION_FORMAT = dwarf;
				ENABLE_STRICT_OBJC_MSGSEND = YES;
				ENABLE_TESTABILITY = YES;
				GCC_C_LANGUAGE_STANDARD = gnu99;
				GCC_DYNAMIC_NO_PIC = NO;
				GCC_NO_COMMON_BLOCKS = YES;
				GCC_OPTIMIZATION_LEVEL = 0;
				GCC_PREPROCESSOR_DEFINITIONS = (
					"DEBUG=1",
					"$(inherited)",
				);
				GCC_WARN_64_TO_32_BIT_CONVERSION = YES;
				GCC_WARN_ABOUT_RETURN_TYPE = YES_ERROR;
				GCC_WARN_UNDECLARED_SELECTOR = YES;
				GCC_WARN_UNINITIALIZED_AUTOS = YES_AGGRESSIVE;
				GCC_WARN_UNUSED_FUNCTION = YES;
				GCC_WARN_UNUSED_VARIABLE = YES;
				IPHONEOS_DEPLOYMENT_TARGET = 9.3;
				MTL_ENABLE_DEBUG_INFO = YES;
				ONLY_ACTIVE_ARCH = YES;
				SDKROOT = iphoneos;
				TARGETED_DEVICE_FAMILY = "1,2";
			};
			name = Debug;
		};
		D913087A1D3E1AAB003CA941 /* Release */ = {
			isa = XCBuildConfiguration;
			buildSettings = {
				ALWAYS_SEARCH_USER_PATHS = NO;
				CLANG_ANALYZER_NONNULL = YES;
				CLANG_CXX_LANGUAGE_STANDARD = "gnu++0x";
				CLANG_CXX_LIBRARY = "libc++";
				CLANG_ENABLE_MODULES = YES;
				CLANG_ENABLE_OBJC_ARC = YES;
				CLANG_WARN_BOOL_CONVERSION = YES;
				CLANG_WARN_CONSTANT_CONVERSION = YES;
				CLANG_WARN_DIRECT_OBJC_ISA_USAGE = YES_ERROR;
				CLANG_WARN_EMPTY_BODY = YES;
				CLANG_WARN_ENUM_CONVERSION = YES;
				CLANG_WARN_INT_CONVERSION = YES;
				CLANG_WARN_OBJC_ROOT_CLASS = YES_ERROR;
				CLANG_WARN_UNREACHABLE_CODE = YES;
				CLANG_WARN__DUPLICATE_METHOD_MATCH = YES;
				"CODE_SIGN_IDENTITY[sdk=iphoneos*]" = "iPhone Developer";
				COPY_PHASE_STRIP = NO;
				DEBUG_INFORMATION_FORMAT = "dwarf-with-dsym";
				ENABLE_NS_ASSERTIONS = NO;
				ENABLE_STRICT_OBJC_MSGSEND = YES;
				GCC_C_LANGUAGE_STANDARD = gnu99;
				GCC_NO_COMMON_BLOCKS = YES;
				GCC_WARN_64_TO_32_BIT_CONVERSION = YES;
				GCC_WARN_ABOUT_RETURN_TYPE = YES_ERROR;
				GCC_WARN_UNDECLARED_SELECTOR = YES;
				GCC_WARN_UNINITIALIZED_AUTOS = YES_AGGRESSIVE;
				GCC_WARN_UNUSED_FUNCTION = YES;
				GCC_WARN_UNUSED_VARIABLE = YES;
				IPHONEOS_DEPLOYMENT_TARGET = 9.3;
				MTL_ENABLE_DEBUG_INFO = NO;
				SDKROOT = iphoneos;
				TARGETED_DEVICE_FAMILY = "1,2";
				VALIDATE_PRODUCT = YES;
			};
			name = Release;
		};
		D913087C1D3E1AAB003CA941 /* Debug */ = {
			isa = XCBuildConfiguration;
			buildSettings = {
				ASSETCATALOG_COMPILER_APPICON_NAME = AppIcon;
				INFOPLIST_FILE = Test/Info.plist;
				LD_RUNPATH_SEARCH_PATHS = "$(inherited) @executable_path/Frameworks";
				PRODUCT_BUNDLE_IDENTIFIER = wedmegood.Test;
				PRODUCT_NAME = "$(TARGET_NAME)";
			};
			name = Debug;
		};
		D913087D1D3E1AAB003CA941 /* Release */ = {
			isa = XCBuildConfiguration;
			buildSettings = {
				ASSETCATALOG_COMPILER_APPICON_NAME = AppIcon;
				INFOPLIST_FILE = Test/Info.plist;
				LD_RUNPATH_SEARCH_PATHS = "$(inherited) @executable_path/Frameworks";
				PRODUCT_BUNDLE_IDENTIFIER = wedmegood.Test;
				PRODUCT_NAME = "$(TARGET_NAME)";
			};
			name = Release;
		};
/* End XCBuildConfiguration section */

/* Begin XCConfigurationList section */
		D913085F1D3E1AAB003CA941 /* Build configuration list for PBXProject "Test" */ = {
			isa = XCConfigurationList;
			buildConfigurations = (
				D91308791D3E1AAB003CA941 /* Debug */,
				D913087A1D3E1AAB003CA941 /* Release */,
			);
			defaultConfigurationIsVisible = 0;
			defaultConfigurationName = Release;
		};
		D913087B1D3E1AAB003CA941 /* Build configuration list for PBXNativeTarget "Test" */ = {
			isa = XCConfigurationList;
			buildConfigurations = (
				D913087C1D3E1AAB003CA941 /* Debug */,
				D913087D1D3E1AAB003CA941 /* Release */,
			);
			defaultConfigurationIsVisible = 0;
			defaultConfigurationName = Release;
		};
/* End XCConfigurationList section */

/* Begin XCVersionGroup section */
		D9B110331D3E290B002D5FA8 /* Data.xcdatamodeld */ = {
			isa = XCVersionGroup;
			children = (
				D9B110341D3E290B002D5FA8 /* Data.xcdatamodel */,
			);
			currentVersion = D9B110341D3E290B002D5FA8 /* Data.xcdatamodel */;
			path = Data.xcdatamodeld;
			sourceTree = "<group>";
			versionGroupType = wrapper.xcdatamodel;
		};
/* End XCVersionGroup section */
	};
	rootObject = D913085C1D3E1AAB003CA941 /* Project object */;
}
